
Microsoft Visual Studio Solution File, Format Version 12.00
# Visual Studio Version 16
VisualStudioVersion = 16.0.29324.140
MinimumVisualStudioVersion = 10.0.40219.1
Project("{FAE04EC0-301F-11D3-BF4B-00C04F79EFBC}") = "MSInterview", "MSInterview.csproj", "{334DB4C0-7D3C-4DBF-B8D7-D41CA6D66462}"
EndProject
Project("{FAE04EC0-301F-11D3-BF4B-00C04F79EFBC}") = "Interacter", "..\Interacter\Interacter.csproj", "{E2ADF4CF-15DB-42A8-A56C-C3972ED39D53}"
EndProject
Project("{FAE04EC0-301F-11D3-BF4B-00C04F79EFBC}") = "MSTestInterview", "..\MSTestInterview\MSTestInterview.csproj", "{91EB9781-CE64-4826-957F-10FBB7883DE2}"
EndProject
Global
	GlobalSection(SolutionConfigurationPlatforms) = preSolution
		Debug|Any CPU = Debug|Any CPU
		Release|Any CPU = Release|Any CPU
	EndGlobalSection
	GlobalSection(ProjectConfigurationPlatforms) = postSolution
		{334DB4C0-7D3C-4DBF-B8D7-D41CA6D66462}.Debug|Any CPU.ActiveCfg = Debug|Any CPU
		{334DB4C0-7D3C-4DBF-B8D7-D41CA6D66462}.Debug|Any CPU.Build.0 = Debug|Any CPU
		{334DB4C0-7D3C-4DBF-B8D7-D41CA6D66462}.Release|Any CPU.ActiveCfg = Release|Any CPU
		{334DB4C0-7D3C-4DBF-B8D7-D41CA6D66462}.Release|Any CPU.Build.0 = Release|Any CPU
		{E2ADF4CF-15DB-42A8-A56C-C3972ED39D53}.Debug|Any CPU.ActiveCfg = Debug|Any CPU
		{E2ADF4CF-15DB-42A8-A56C-C3972ED39D53}.Debug|Any CPU.Build.0 = Debug|Any CPU
		{E2ADF4CF-15DB-42A8-A56C-C3972ED39D53}.Release|Any CPU.ActiveCfg = Release|Any CPU
		{E2ADF4CF-15DB-42A8-A56C-C3972ED39D53}.Release|Any CPU.Build.0 = Release|Any CPU
		{91EB9781-CE64-4826-957F-10FBB7883DE2}.Debug|Any CPU.ActiveCfg = Debug|Any CPU
		{91EB9781-CE64-4826-957F-10FBB7883DE2}.Debug|Any CPU.Build.0 = Debug|Any CPU
		{91EB9781-CE64-4826-957F-10FBB7883DE2}.Release|Any CPU.ActiveCfg = Release|Any CPU
		{91EB9781-CE64-4826-957F-10FBB7883DE2}.Release|Any CPU.Build.0 = Release|Any CPU
	EndGlobalSection
	GlobalSection(SolutionProperties) = preSolution
		HideSolutionNode = FALSE
	EndGlobalSection
	GlobalSection(ExtensibilityGlobals) = postSolution
		SolutionGuid = {643C0307-D6E9-4779-9582-768E779F48BF}
	EndGlobalSection
EndGlobal
